
Microsoft Visual Studio Solution File, Format Version 12.00
# Visual Studio 15
Project("{FAE04EC0-301F-11D3-BF4B-00C04F79EFBC}") = "Assembly-CSharp", "Assembly-CSharp.csproj", "{A23C3215-0247-962A-FB17-DB91AD3353E6}"
EndProject
Project("{FAE04EC0-301F-11D3-BF4B-00C04F79EFBC}") = "NavMeshComponents", "NavMeshComponents.csproj", "{378020B4-CDFD-98B0-AF59-EEEE1A4ADF4A}"
EndProject
Project("{FAE04EC0-301F-11D3-BF4B-00C04F79EFBC}") = "NavMeshComponentsEditor", "NavMeshComponentsEditor.csproj", "{4CA0D62D-88A4-933C-3A14-596A31A159B7}"
EndProject
Project("{FAE04EC0-301F-11D3-BF4B-00C04F79EFBC}") = "Assembly-CSharp-Editor", "Assembly-CSharp-Editor.csproj", "{0FFB9CC2-4136-41A6-3612-B2BACFE40532}"
EndProject
Global
	GlobalSection(SolutionConfigurationPlatforms) = preSolution
		Debug|Any CPU = Debug|Any CPU
		Release|Any CPU = Release|Any CPU
	EndGlobalSection
	GlobalSection(ProjectConfigurationPlatforms) = postSolution
		{A23C3215-0247-962A-FB17-DB91AD3353E6}.Debug|Any CPU.ActiveCfg = Debug|Any CPU
		{A23C3215-0247-962A-FB17-DB91AD3353E6}.Debug|Any CPU.Build.0 = Debug|Any CPU
		{A23C3215-0247-962A-FB17-DB91AD3353E6}.Release|Any CPU.ActiveCfg = Release|Any CPU
		{A23C3215-0247-962A-FB17-DB91AD3353E6}.Release|Any CPU.Build.0 = Release|Any CPU
		{378020B4-CDFD-98B0-AF59-EEEE1A4ADF4A}.Debug|Any CPU.ActiveCfg = Debug|Any CPU
		{378020B4-CDFD-98B0-AF59-EEEE1A4ADF4A}.Debug|Any CPU.Build.0 = Debug|Any CPU
		{378020B4-CDFD-98B0-AF59-EEEE1A4ADF4A}.Release|Any CPU.ActiveCfg = Release|Any CPU
		{378020B4-CDFD-98B0-AF59-EEEE1A4ADF4A}.Release|Any CPU.Build.0 = Release|Any CPU
		{4CA0D62D-88A4-933C-3A14-596A31A159B7}.Debug|Any CPU.ActiveCfg = Debug|Any CPU
		{4CA0D62D-88A4-933C-3A14-596A31A159B7}.Debug|Any CPU.Build.0 = Debug|Any CPU
		{4CA0D62D-88A4-933C-3A14-596A31A159B7}.Release|Any CPU.ActiveCfg = Release|Any CPU
		{4CA0D62D-88A4-933C-3A14-596A31A159B7}.Release|Any CPU.Build.0 = Release|Any CPU
		{0FFB9CC2-4136-41A6-3612-B2BACFE40532}.Debug|Any CPU.ActiveCfg = Debug|Any CPU
		{0FFB9CC2-4136-41A6-3612-B2BACFE40532}.Debug|Any CPU.Build.0 = Debug|Any CPU
		{0FFB9CC2-4136-41A6-3612-B2BACFE40532}.Release|Any CPU.ActiveCfg = Release|Any CPU
		{0FFB9CC2-4136-41A6-3612-B2BACFE40532}.Release|Any CPU.Build.0 = Release|Any CPU
	EndGlobalSection
	GlobalSection(SolutionProperties) = preSolution
		HideSolutionNode = FALSE
	EndGlobalSection
EndGlobal
